
Microsoft Visual Studio Solution File, Format Version 12.00
# Visual Studio 15
VisualStudioVersion = 15.0.28010.2026
MinimumVisualStudioVersion = 10.0.40219.1
Project("{FAE04EC0-301F-11D3-BF4B-00C04F79EFBC}") = "CapstoneProject_ODTS", "CapstoneProject_ODTS\CapstoneProject_ODTS.csproj", "{D348D4CE-2DE2-4C8B-AC37-B6F66A84FD09}"
EndProject
Project("{FAE04EC0-301F-11D3-BF4B-00C04F79EFBC}") = "CapstoneProject_ODTS.Service", "CapstoneProject_ODTS.Service\CapstoneProject_ODTS.Service.csproj", "{3A7F9786-E0AB-40FE-B1EB-6EFB06418F6B}"
EndProject
Project("{FAE04EC0-301F-11D3-BF4B-00C04F79EFBC}") = "CapstoneProject_ODTS.Repository", "CapstoneProject_ODTS.Repository\CapstoneProject_ODTS.Repository.csproj", "{B564A6D7-21CE-4E58-BBF8-7B5DD98683CA}"
EndProject
Project("{FAE04EC0-301F-11D3-BF4B-00C04F79EFBC}") = "CapstoneProject_ODTS.API", "CapstoneProject_ODTS.API\CapstoneProject_ODTS.API.csproj", "{AC48212E-F859-4F6C-B13F-3BF98563ACE4}"
EndProject
Global
	GlobalSection(SolutionConfigurationPlatforms) = preSolution
		Debug|Any CPU = Debug|Any CPU
		Release|Any CPU = Release|Any CPU
	EndGlobalSection
	GlobalSection(ProjectConfigurationPlatforms) = postSolution
		{D348D4CE-2DE2-4C8B-AC37-B6F66A84FD09}.Debug|Any CPU.ActiveCfg = Debug|Any CPU
		{D348D4CE-2DE2-4C8B-AC37-B6F66A84FD09}.Debug|Any CPU.Build.0 = Debug|Any CPU
		{D348D4CE-2DE2-4C8B-AC37-B6F66A84FD09}.Release|Any CPU.ActiveCfg = Release|Any CPU
		{D348D4CE-2DE2-4C8B-AC37-B6F66A84FD09}.Release|Any CPU.Build.0 = Release|Any CPU
		{3A7F9786-E0AB-40FE-B1EB-6EFB06418F6B}.Debug|Any CPU.ActiveCfg = Debug|Any CPU
		{3A7F9786-E0AB-40FE-B1EB-6EFB06418F6B}.Debug|Any CPU.Build.0 = Debug|Any CPU
		{3A7F9786-E0AB-40FE-B1EB-6EFB06418F6B}.Release|Any CPU.ActiveCfg = Release|Any CPU
		{3A7F9786-E0AB-40FE-B1EB-6EFB06418F6B}.Release|Any CPU.Build.0 = Release|Any CPU
		{B564A6D7-21CE-4E58-BBF8-7B5DD98683CA}.Debug|Any CPU.ActiveCfg = Debug|Any CPU
		{B564A6D7-21CE-4E58-BBF8-7B5DD98683CA}.Debug|Any CPU.Build.0 = Debug|Any CPU
		{B564A6D7-21CE-4E58-BBF8-7B5DD98683CA}.Release|Any CPU.ActiveCfg = Release|Any CPU
		{B564A6D7-21CE-4E58-BBF8-7B5DD98683CA}.Release|Any CPU.Build.0 = Release|Any CPU
		{AC48212E-F859-4F6C-B13F-3BF98563ACE4}.Debug|Any CPU.ActiveCfg = Debug|Any CPU
		{AC48212E-F859-4F6C-B13F-3BF98563ACE4}.Debug|Any CPU.Build.0 = Debug|Any CPU
		{AC48212E-F859-4F6C-B13F-3BF98563ACE4}.Release|Any CPU.ActiveCfg = Release|Any CPU
		{AC48212E-F859-4F6C-B13F-3BF98563ACE4}.Release|Any CPU.Build.0 = Release|Any CPU
	EndGlobalSection
	GlobalSection(SolutionProperties) = preSolution
		HideSolutionNode = FALSE
	EndGlobalSection
	GlobalSection(ExtensibilityGlobals) = postSolution
		SolutionGuid = {0DC4E2C2-F9D5-4C6D-A3A5-E31FD53BA24F}
	EndGlobalSection
EndGlobal
