
Microsoft Visual Studio Solution File, Format Version 12.00
# Visual Studio 15
VisualStudioVersion = 15.0.27703.2042
MinimumVisualStudioVersion = 10.0.40219.1
Project("{FAE04EC0-301F-11D3-BF4B-00C04F79EFBC}") = "CapstoneProjectServer.API", "CapstoneProjectServer.API\CapstoneProjectServer.API.csproj", "{82BA666A-897B-406C-8DE5-7D71E0168BC9}"
EndProject
Project("{FAE04EC0-301F-11D3-BF4B-00C04F79EFBC}") = "CapstoneProjectServer.BusinessLogic", "CapstoneProjectServer.BusinessLogic\CapstoneProjectServer.BusinessLogic.csproj", "{8B8AE4D4-2AEC-4452-B3E8-67FA54100BC9}"
EndProject
Project("{FAE04EC0-301F-11D3-BF4B-00C04F79EFBC}") = "CapstoneProjectServer.DataAccess.EF", "CapstoneProjectServer.DataAccess.EF\CapstoneProjectServer.DataAccess.EF.csproj", "{9FD2CA04-B44A-4916-BA3E-CDD129843104}"
EndProject
Project("{FAE04EC0-301F-11D3-BF4B-00C04F79EFBC}") = "CapstoneProjectServer.Models", "CapstoneProjectServer.Models\CapstoneProjectServer.Models.csproj", "{77B09F84-43F1-4FAB-AF9E-B8C4F881ABF5}"
EndProject
Global
	GlobalSection(SolutionConfigurationPlatforms) = preSolution
		Debug|Any CPU = Debug|Any CPU
		Release|Any CPU = Release|Any CPU
	EndGlobalSection
	GlobalSection(ProjectConfigurationPlatforms) = postSolution
		{82BA666A-897B-406C-8DE5-7D71E0168BC9}.Debug|Any CPU.ActiveCfg = Debug|Any CPU
		{82BA666A-897B-406C-8DE5-7D71E0168BC9}.Debug|Any CPU.Build.0 = Debug|Any CPU
		{82BA666A-897B-406C-8DE5-7D71E0168BC9}.Release|Any CPU.ActiveCfg = Release|Any CPU
		{82BA666A-897B-406C-8DE5-7D71E0168BC9}.Release|Any CPU.Build.0 = Release|Any CPU
		{8B8AE4D4-2AEC-4452-B3E8-67FA54100BC9}.Debug|Any CPU.ActiveCfg = Debug|Any CPU
		{8B8AE4D4-2AEC-4452-B3E8-67FA54100BC9}.Debug|Any CPU.Build.0 = Debug|Any CPU
		{8B8AE4D4-2AEC-4452-B3E8-67FA54100BC9}.Release|Any CPU.ActiveCfg = Release|Any CPU
		{8B8AE4D4-2AEC-4452-B3E8-67FA54100BC9}.Release|Any CPU.Build.0 = Release|Any CPU
		{9FD2CA04-B44A-4916-BA3E-CDD129843104}.Debug|Any CPU.ActiveCfg = Debug|Any CPU
		{9FD2CA04-B44A-4916-BA3E-CDD129843104}.Debug|Any CPU.Build.0 = Debug|Any CPU
		{9FD2CA04-B44A-4916-BA3E-CDD129843104}.Release|Any CPU.ActiveCfg = Release|Any CPU
		{9FD2CA04-B44A-4916-BA3E-CDD129843104}.Release|Any CPU.Build.0 = Release|Any CPU
		{77B09F84-43F1-4FAB-AF9E-B8C4F881ABF5}.Debug|Any CPU.ActiveCfg = Debug|Any CPU
		{77B09F84-43F1-4FAB-AF9E-B8C4F881ABF5}.Debug|Any CPU.Build.0 = Debug|Any CPU
		{77B09F84-43F1-4FAB-AF9E-B8C4F881ABF5}.Release|Any CPU.ActiveCfg = Release|Any CPU
		{77B09F84-43F1-4FAB-AF9E-B8C4F881ABF5}.Release|Any CPU.Build.0 = Release|Any CPU
	EndGlobalSection
	GlobalSection(SolutionProperties) = preSolution
		HideSolutionNode = FALSE
	EndGlobalSection
	GlobalSection(ExtensibilityGlobals) = postSolution
		SolutionGuid = {F916F025-8F3A-4F6F-86DE-5F78DA6E8D07}
	EndGlobalSection
EndGlobal
